
Microsoft Visual Studio Solution File, Format Version 12.00
# Visual Studio Version 17
VisualStudioVersion = 17.11.35312.102
MinimumVisualStudioVersion = 10.0.40219.1
Project("{9A19103F-16F7-4668-BE54-9A1E7A4F7556}") = "CoffeeMachinMgmtSystem", "CoffeeMachinMgmtSystem\CoffeeMachinMgmtSystem.csproj", "{FAC455B8-F2C5-4CB9-9312-80F01FDBE2A1}"
EndProject
Project("{9A19103F-16F7-4668-BE54-9A1E7A4F7556}") = "CoffeeMachinMgmtSystem.Services", "CoffeeMachinMgmtSystem.Services\CoffeeMachinMgmtSystem.Services.csproj", "{2DFB00A7-0CF8-486C-84A2-2B1B390F32AE}"
EndProject
Project("{9A19103F-16F7-4668-BE54-9A1E7A4F7556}") = "CoffeeMachinMgmtSystem.Repository", "CoffeeMachinMgmtSystem.Repository\CoffeeMachinMgmtSystem.Repository.csproj", "{B2716316-80DB-4DF9-884B-AFAFC8BE7CF2}"
EndProject
Project("{9A19103F-16F7-4668-BE54-9A1E7A4F7556}") = "CoffeeMachinMgmtSystem.Models", "CoffeeMachinMgmtSystem.Models\CoffeeMachinMgmtSystem.Models.csproj", "{22B386A0-306F-4226-9043-94E99B615C4C}"
EndProject
Project("{FAE04EC0-301F-11D3-BF4B-00C04F79EFBC}") = "CoffeeMachinMgmtSystem.Test", "CoffeeMachinMgmtSystem.Test\CoffeeMachinMgmtSystem.Test.csproj", "{A91258F1-F531-4526-BD5B-D76D7EE28B9A}"
EndProject
Global
	GlobalSection(SolutionConfigurationPlatforms) = preSolution
		Debug|Any CPU = Debug|Any CPU
		Release|Any CPU = Release|Any CPU
	EndGlobalSection
	GlobalSection(ProjectConfigurationPlatforms) = postSolution
		{FAC455B8-F2C5-4CB9-9312-80F01FDBE2A1}.Debug|Any CPU.ActiveCfg = Debug|Any CPU
		{FAC455B8-F2C5-4CB9-9312-80F01FDBE2A1}.Debug|Any CPU.Build.0 = Debug|Any CPU
		{FAC455B8-F2C5-4CB9-9312-80F01FDBE2A1}.Release|Any CPU.ActiveCfg = Release|Any CPU
		{FAC455B8-F2C5-4CB9-9312-80F01FDBE2A1}.Release|Any CPU.Build.0 = Release|Any CPU
		{2DFB00A7-0CF8-486C-84A2-2B1B390F32AE}.Debug|Any CPU.ActiveCfg = Debug|Any CPU
		{2DFB00A7-0CF8-486C-84A2-2B1B390F32AE}.Debug|Any CPU.Build.0 = Debug|Any CPU
		{2DFB00A7-0CF8-486C-84A2-2B1B390F32AE}.Release|Any CPU.ActiveCfg = Release|Any CPU
		{2DFB00A7-0CF8-486C-84A2-2B1B390F32AE}.Release|Any CPU.Build.0 = Release|Any CPU
		{B2716316-80DB-4DF9-884B-AFAFC8BE7CF2}.Debug|Any CPU.ActiveCfg = Debug|Any CPU
		{B2716316-80DB-4DF9-884B-AFAFC8BE7CF2}.Debug|Any CPU.Build.0 = Debug|Any CPU
		{B2716316-80DB-4DF9-884B-AFAFC8BE7CF2}.Release|Any CPU.ActiveCfg = Release|Any CPU
		{B2716316-80DB-4DF9-884B-AFAFC8BE7CF2}.Release|Any CPU.Build.0 = Release|Any CPU
		{22B386A0-306F-4226-9043-94E99B615C4C}.Debug|Any CPU.ActiveCfg = Debug|Any CPU
		{22B386A0-306F-4226-9043-94E99B615C4C}.Debug|Any CPU.Build.0 = Debug|Any CPU
		{22B386A0-306F-4226-9043-94E99B615C4C}.Release|Any CPU.ActiveCfg = Release|Any CPU
		{22B386A0-306F-4226-9043-94E99B615C4C}.Release|Any CPU.Build.0 = Release|Any CPU
		{A91258F1-F531-4526-BD5B-D76D7EE28B9A}.Debug|Any CPU.ActiveCfg = Debug|Any CPU
		{A91258F1-F531-4526-BD5B-D76D7EE28B9A}.Debug|Any CPU.Build.0 = Debug|Any CPU
		{A91258F1-F531-4526-BD5B-D76D7EE28B9A}.Release|Any CPU.ActiveCfg = Release|Any CPU
		{A91258F1-F531-4526-BD5B-D76D7EE28B9A}.Release|Any CPU.Build.0 = Release|Any CPU
	EndGlobalSection
	GlobalSection(SolutionProperties) = preSolution
		HideSolutionNode = FALSE
	EndGlobalSection
	GlobalSection(ExtensibilityGlobals) = postSolution
		SolutionGuid = {1606ADCB-6F36-4A9A-B600-4BFE09F5920A}
	EndGlobalSection
EndGlobal
